# This file is autogenerated, do not edit; changes may be undone by the next 'dep ensure'.


[[projects]]
  branch = "master"
  name = "github.com/ryanjdew/go-marklogic-go"
  packages = [
    ".",
    "clients",
    "config",
    "documents",
    "handle",
    "management",
    "search",
    "semantics",
    "util"
  ]
  revision = "f9c5f1daf96c9ad16ee6b4a95b63df8dd7eb2043"

[[projects]]
  branch = "master"
  name = "github.com/ryanjdew/http-digest-auth-client"
  packages = ["."]
  revision = "11e29e9c592dda983d1bf855421d118a55e046cc"

[solve-meta]
  analyzer-name = "dep"
  analyzer-version = 1
  inputs-digest = "9a23dc9165767f532c124541d974b25352f2ac0ecca2bb0829290fb746ed51f3"
  solver-name = "gps-cdcl"
  solver-version = 1
